
Microsoft Visual Studio Solution File, Format Version 12.00
# Visual Studio Version 17
VisualStudioVersion = 17.10.35027.167
MinimumVisualStudioVersion = 10.0.40219.1
Project("{FAE04EC0-301F-11D3-BF4B-00C04F79EFBC}") = "Xnacion1", "Xnacion1\Xnacion1.csproj", "{B6966F7C-6B0D-4989-80F3-3CC8AF39BEAF}"
EndProject
Global
	GlobalSection(SolutionConfigurationPlatforms) = preSolution
		Debug|Any CPU = Debug|Any CPU
		Release|Any CPU = Release|Any CPU
	EndGlobalSection
	GlobalSection(ProjectConfigurationPlatforms) = postSolution
		{B6966F7C-6B0D-4989-80F3-3CC8AF39BEAF}.Debug|Any CPU.ActiveCfg = Debug|Any CPU
		{B6966F7C-6B0D-4989-80F3-3CC8AF39BEAF}.Debug|Any CPU.Build.0 = Debug|Any CPU
		{B6966F7C-6B0D-4989-80F3-3CC8AF39BEAF}.Release|Any CPU.ActiveCfg = Release|Any CPU
		{B6966F7C-6B0D-4989-80F3-3CC8AF39BEAF}.Release|Any CPU.Build.0 = Release|Any CPU
	EndGlobalSection
	GlobalSection(SolutionProperties) = preSolution
		HideSolutionNode = FALSE
	EndGlobalSection
	GlobalSection(ExtensibilityGlobals) = postSolution
		SolutionGuid = {56A26AA6-7F5D-4583-B5DA-6BE37AB7ADE5}
	EndGlobalSection
EndGlobal
